github.com/antlr4-go/antlr/v4 v4.13.1 h1:SqQKkuVZ+zWkMMNkjy5FZe5mr5WURWnlpmOuzYWrPrQ=
github.com/antlr4-go/antlr/v4 v4.13.1/go.mod h1:GKmUxMtwp6ZgGwZSva4eWPC5mS6vUAmOABFgjdkM7Nw=
github.com/arc-language/arc-lang v0.0.0-20251229034949-02a016d4b107 h1:p+bl4dNAfYKiEiOZifsbTX8QEaNpPZ0tlyDmC62HUoE=
github.com/arc-language/arc-lang v0.0.0-20251229034949-02a016d4b107/go.mod h1:sTFw0uIIwBMXArrj8XXtgIHfvIxgAvb05WS2+qCeuWU=
github.com/arc-language/arc-lang v0.0.0-20251229053104-11d8a8b28313 h1:eVLF6ablUkONwIbfVjKuYFXc4gk4WbPyL/rIIpqN1k8=
github.com/arc-language/arc-lang v0.0.0-20251229053104-11d8a8b28313/go.mod h1:sTFw0uIIwBMXArrj8XXtgIHfvIxgAvb05WS2+qCeuWU=
golang.org/x/exp v0.0.0-20240506185415-9bf2ced13842 h1:vr/HnozRka3pE4EsMEg1lgkXJkTFJCVUX+S/ZT6wYzM=
golang.org/x/exp v0.0.0-20240506185415-9bf2ced13842/go.mod h1:XtvwrStGgqGPLc4cjQfWqZHG1YFdYs6swckp8vpsjnc=
