github.com/antlr4-go/antlr/v4 v4.13.1 h1:SqQKkuVZ+zWkMMNkjy5FZe5mr5WURWnlpmOuzYWrPrQ=
github.com/antlr4-go/antlr/v4 v4.13.1/go.mod h1:GKmUxMtwp6ZgGwZSva4eWPC5mS6vUAmOABFgjdkM7Nw=
github.com/arc-language/arc-lang v0.0.0-20251227220354-3b77efc2f809 h1:7+2QipOw0Tisr0eHVHUGIbrOj5W5rO5EUyQ/vXIqWt0=
github.com/arc-language/arc-lang v0.0.0-20251227220354-3b77efc2f809/go.mod h1:sTFw0uIIwBMXArrj8XXtgIHfvIxgAvb05WS2+qCeuWU=
github.com/arc-language/arc-lang v0.0.0-20251227221306-3f990e5e60fd h1:Tzddj/uMCIyWnjmKekYsZIAv3RW1GMLozV93/3XZW2E=
github.com/arc-language/arc-lang v0.0.0-20251227221306-3f990e5e60fd/go.mod h1:sTFw0uIIwBMXArrj8XXtgIHfvIxgAvb05WS2+qCeuWU=
github.com/arc-language/arc-lang v0.0.0-20251227221419-53a8b1edb745 h1:RsoQQp/kAOXNIphz1HZdB0cKG39ePFJ6ccN2MFFD6+Q=
github.com/arc-language/arc-lang v0.0.0-20251227221419-53a8b1edb745/go.mod h1:sTFw0uIIwBMXArrj8XXtgIHfvIxgAvb05WS2+qCeuWU=
github.com/arc-language/arc-lang v0.0.0-20251227224758-24b98e08d733 h1:Ef46XagrHtrshkibyAq7jlZJfEDNfrD9yP8KCSOtZ1c=
github.com/arc-language/arc-lang v0.0.0-20251227224758-24b98e08d733/go.mod h1:sTFw0uIIwBMXArrj8XXtgIHfvIxgAvb05WS2+qCeuWU=
github.com/arc-language/arc-lang v0.0.0-20251227225046-0dc2ca111780 h1:dyPfbwpvE3naHeXzbRNJNZJF4HbHGnh5Ijv+/UTDa/4=
github.com/arc-language/arc-lang v0.0.0-20251227225046-0dc2ca111780/go.mod h1:sTFw0uIIwBMXArrj8XXtgIHfvIxgAvb05WS2+qCeuWU=
github.com/arc-language/arc-lang v0.0.0-20251227230850-f36b7b033a31 h1:c8KcbOl/NdBPzUqmkkB45YWz5yVvCnKybETTsOKuV6k=
github.com/arc-language/arc-lang v0.0.0-20251227230850-f36b7b033a31/go.mod h1:sTFw0uIIwBMXArrj8XXtgIHfvIxgAvb05WS2+qCeuWU=
github.com/arc-language/arc-lang v0.0.0-20251227233153-21e300b8aef7 h1:mJ+3NgGaUFgdgsr+yesFBeJSN51Q541eTmvEO/pQQDY=
github.com/arc-language/arc-lang v0.0.0-20251227233153-21e300b8aef7/go.mod h1:sTFw0uIIwBMXArrj8XXtgIHfvIxgAvb05WS2+qCeuWU=
github.com/arc-language/arc-lang v0.0.0-20251227233242-ee0af8d73c43 h1:HsD+hM3E8QxhX2J6nEF4LdEpF9BrcEsV24l9vBROeeU=
github.com/arc-language/arc-lang v0.0.0-20251227233242-ee0af8d73c43/go.mod h1:sTFw0uIIwBMXArrj8XXtgIHfvIxgAvb05WS2+qCeuWU=
github.com/arc-language/arc-lang v0.0.0-20251227233332-9ad4693d8ac8 h1:bFz6WCjsV+7z1ytSCIvs0oMJdau+cBTYOwdlc8+GBkg=
github.com/arc-language/arc-lang v0.0.0-20251227233332-9ad4693d8ac8/go.mod h1:sTFw0uIIwBMXArrj8XXtgIHfvIxgAvb05WS2+qCeuWU=
github.com/arc-language/arc-lang v0.0.0-20251227233740-be4540eee920 h1:k21XJsfzhC0dbWbu/hkmZJEnImmMZNxZL4Ro+uufohU=
github.com/arc-language/arc-lang v0.0.0-20251227233740-be4540eee920/go.mod h1:sTFw0uIIwBMXArrj8XXtgIHfvIxgAvb05WS2+qCeuWU=
github.com/arc-language/arc-lang v0.0.0-20251228000620-fa37e5c8c631 h1:TMU7dJsMJoZkqGSN1DL2iyGrWxu5XkiW0utaD6MFsIw=
github.com/arc-language/arc-lang v0.0.0-20251228000620-fa37e5c8c631/go.mod h1:sTFw0uIIwBMXArrj8XXtgIHfvIxgAvb05WS2+qCeuWU=
github.com/arc-language/arc-lang v0.0.0-20251228000724-8d7a05e38e1a h1:xNIPEfSuIEC0IreM79AHTvpGCMiFG70imNYWg5OWxCk=
github.com/arc-language/arc-lang v0.0.0-20251228000724-8d7a05e38e1a/go.mod h1:sTFw0uIIwBMXArrj8XXtgIHfvIxgAvb05WS2+qCeuWU=
github.com/arc-language/arc-lang v0.0.0-20251228000949-f8045e838177 h1:pwHq8+1eH8INFKTxUsh2VAmafhHv5a1B5BM/fCzqoJ8=
github.com/arc-language/arc-lang v0.0.0-20251228000949-f8045e838177/go.mod h1:sTFw0uIIwBMXArrj8XXtgIHfvIxgAvb05WS2+qCeuWU=
github.com/arc-language/arc-lang v0.0.0-20251228001524-b8c9aa827e4c h1:5WkZE5yPwIEXW2o1ve9HZMA+Tw95yydo81GrjdDEyRA=
github.com/arc-language/arc-lang v0.0.0-20251228001524-b8c9aa827e4c/go.mod h1:sTFw0uIIwBMXArrj8XXtgIHfvIxgAvb05WS2+qCeuWU=
github.com/arc-language/arc-lang v0.0.0-20251228002524-4dfaaaf87aa8 h1:yxglVhmUxj3bOqBZTNRETs8Q5bp+S4jStm21X32XHOw=
github.com/arc-language/arc-lang v0.0.0-20251228002524-4dfaaaf87aa8/go.mod h1:sTFw0uIIwBMXArrj8XXtgIHfvIxgAvb05WS2+qCeuWU=
github.com/arc-language/arc-lang v0.0.0-20251228003029-a0bbf109b01e h1:auOadUyC8evzpH6WN2ZP7drfou5hHaGN9w2gF/T5hDQ=
github.com/arc-language/arc-lang v0.0.0-20251228003029-a0bbf109b01e/go.mod h1:sTFw0uIIwBMXArrj8XXtgIHfvIxgAvb05WS2+qCeuWU=
github.com/arc-language/arc-lang v0.0.0-20251228003633-40006f67ab42 h1:zDuN3l1Yymq/rXXymo/ZznUzxBdOLzvB0959zCqIdRc=
github.com/arc-language/arc-lang v0.0.0-20251228003633-40006f67ab42/go.mod h1:sTFw0uIIwBMXArrj8XXtgIHfvIxgAvb05WS2+qCeuWU=
github.com/arc-language/arc-lang v0.0.0-20251228004048-5b9ac0c3a92e h1:TZee3Io6/YxNSGbEx9+kWavckpdKNcljMRmviNH0DVA=
github.com/arc-language/arc-lang v0.0.0-20251228004048-5b9ac0c3a92e/go.mod h1:sTFw0uIIwBMXArrj8XXtgIHfvIxgAvb05WS2+qCeuWU=
github.com/arc-language/arc-lang v0.0.0-20251228004852-bc0208a19701 h1:xko0m58XI1HvZuN7I5Gxe/DUIcrw+HveI5fbgWTkQrM=
github.com/arc-language/arc-lang v0.0.0-20251228004852-bc0208a19701/go.mod h1:sTFw0uIIwBMXArrj8XXtgIHfvIxgAvb05WS2+qCeuWU=
golang.org/x/exp v0.0.0-20240506185415-9bf2ced13842 h1:vr/HnozRka3pE4EsMEg1lgkXJkTFJCVUX+S/ZT6wYzM=
golang.org/x/exp v0.0.0-20240506185415-9bf2ced13842/go.mod h1:XtvwrStGgqGPLc4cjQfWqZHG1YFdYs6swckp8vpsjnc=
