github.com/antlr4-go/antlr/v4 v4.13.1 h1:SqQKkuVZ+zWkMMNkjy5FZe5mr5WURWnlpmOuzYWrPrQ=
github.com/antlr4-go/antlr/v4 v4.13.1/go.mod h1:GKmUxMtwp6ZgGwZSva4eWPC5mS6vUAmOABFgjdkM7Nw=
github.com/arc-language/arc-lang v0.0.0-20251227220354-3b77efc2f809 h1:7+2QipOw0Tisr0eHVHUGIbrOj5W5rO5EUyQ/vXIqWt0=
github.com/arc-language/arc-lang v0.0.0-20251227220354-3b77efc2f809/go.mod h1:sTFw0uIIwBMXArrj8XXtgIHfvIxgAvb05WS2+qCeuWU=
github.com/arc-language/arc-lang v0.0.0-20251227221306-3f990e5e60fd h1:Tzddj/uMCIyWnjmKekYsZIAv3RW1GMLozV93/3XZW2E=
github.com/arc-language/arc-lang v0.0.0-20251227221306-3f990e5e60fd/go.mod h1:sTFw0uIIwBMXArrj8XXtgIHfvIxgAvb05WS2+qCeuWU=
github.com/arc-language/arc-lang v0.0.0-20251227221419-53a8b1edb745 h1:RsoQQp/kAOXNIphz1HZdB0cKG39ePFJ6ccN2MFFD6+Q=
github.com/arc-language/arc-lang v0.0.0-20251227221419-53a8b1edb745/go.mod h1:sTFw0uIIwBMXArrj8XXtgIHfvIxgAvb05WS2+qCeuWU=
github.com/arc-language/arc-lang v0.0.0-20251227224758-24b98e08d733 h1:Ef46XagrHtrshkibyAq7jlZJfEDNfrD9yP8KCSOtZ1c=
github.com/arc-language/arc-lang v0.0.0-20251227224758-24b98e08d733/go.mod h1:sTFw0uIIwBMXArrj8XXtgIHfvIxgAvb05WS2+qCeuWU=
github.com/arc-language/arc-lang v0.0.0-20251227225046-0dc2ca111780 h1:dyPfbwpvE3naHeXzbRNJNZJF4HbHGnh5Ijv+/UTDa/4=
github.com/arc-language/arc-lang v0.0.0-20251227225046-0dc2ca111780/go.mod h1:sTFw0uIIwBMXArrj8XXtgIHfvIxgAvb05WS2+qCeuWU=
github.com/arc-language/arc-lang v0.0.0-20251227230850-f36b7b033a31 h1:c8KcbOl/NdBPzUqmkkB45YWz5yVvCnKybETTsOKuV6k=
github.com/arc-language/arc-lang v0.0.0-20251227230850-f36b7b033a31/go.mod h1:sTFw0uIIwBMXArrj8XXtgIHfvIxgAvb05WS2+qCeuWU=
github.com/arc-language/arc-lang v0.0.0-20251227233153-21e300b8aef7 h1:mJ+3NgGaUFgdgsr+yesFBeJSN51Q541eTmvEO/pQQDY=
github.com/arc-language/arc-lang v0.0.0-20251227233153-21e300b8aef7/go.mod h1:sTFw0uIIwBMXArrj8XXtgIHfvIxgAvb05WS2+qCeuWU=
github.com/arc-language/arc-lang v0.0.0-20251227233242-ee0af8d73c43 h1:HsD+hM3E8QxhX2J6nEF4LdEpF9BrcEsV24l9vBROeeU=
github.com/arc-language/arc-lang v0.0.0-20251227233242-ee0af8d73c43/go.mod h1:sTFw0uIIwBMXArrj8XXtgIHfvIxgAvb05WS2+qCeuWU=
github.com/arc-language/arc-lang v0.0.0-20251227233332-9ad4693d8ac8 h1:bFz6WCjsV+7z1ytSCIvs0oMJdau+cBTYOwdlc8+GBkg=
github.com/arc-language/arc-lang v0.0.0-20251227233332-9ad4693d8ac8/go.mod h1:sTFw0uIIwBMXArrj8XXtgIHfvIxgAvb05WS2+qCeuWU=
github.com/arc-language/arc-lang v0.0.0-20251227233740-be4540eee920 h1:k21XJsfzhC0dbWbu/hkmZJEnImmMZNxZL4Ro+uufohU=
github.com/arc-language/arc-lang v0.0.0-20251227233740-be4540eee920/go.mod h1:sTFw0uIIwBMXArrj8XXtgIHfvIxgAvb05WS2+qCeuWU=
github.com/arc-language/arc-lang v0.0.0-20251228000620-fa37e5c8c631 h1:TMU7dJsMJoZkqGSN1DL2iyGrWxu5XkiW0utaD6MFsIw=
github.com/arc-language/arc-lang v0.0.0-20251228000620-fa37e5c8c631/go.mod h1:sTFw0uIIwBMXArrj8XXtgIHfvIxgAvb05WS2+qCeuWU=
github.com/arc-language/arc-lang v0.0.0-20251228000724-8d7a05e38e1a h1:xNIPEfSuIEC0IreM79AHTvpGCMiFG70imNYWg5OWxCk=
github.com/arc-language/arc-lang v0.0.0-20251228000724-8d7a05e38e1a/go.mod h1:sTFw0uIIwBMXArrj8XXtgIHfvIxgAvb05WS2+qCeuWU=
github.com/arc-language/arc-lang v0.0.0-20251228000949-f8045e838177 h1:pwHq8+1eH8INFKTxUsh2VAmafhHv5a1B5BM/fCzqoJ8=
github.com/arc-language/arc-lang v0.0.0-20251228000949-f8045e838177/go.mod h1:sTFw0uIIwBMXArrj8XXtgIHfvIxgAvb05WS2+qCeuWU=
github.com/arc-language/arc-lang v0.0.0-20251228001524-b8c9aa827e4c h1:5WkZE5yPwIEXW2o1ve9HZMA+Tw95yydo81GrjdDEyRA=
github.com/arc-language/arc-lang v0.0.0-20251228001524-b8c9aa827e4c/go.mod h1:sTFw0uIIwBMXArrj8XXtgIHfvIxgAvb05WS2+qCeuWU=
github.com/arc-language/arc-lang v0.0.0-20251228002524-4dfaaaf87aa8 h1:yxglVhmUxj3bOqBZTNRETs8Q5bp+S4jStm21X32XHOw=
github.com/arc-language/arc-lang v0.0.0-20251228002524-4dfaaaf87aa8/go.mod h1:sTFw0uIIwBMXArrj8XXtgIHfvIxgAvb05WS2+qCeuWU=
github.com/arc-language/arc-lang v0.0.0-20251228003029-a0bbf109b01e h1:auOadUyC8evzpH6WN2ZP7drfou5hHaGN9w2gF/T5hDQ=
github.com/arc-language/arc-lang v0.0.0-20251228003029-a0bbf109b01e/go.mod h1:sTFw0uIIwBMXArrj8XXtgIHfvIxgAvb05WS2+qCeuWU=
github.com/arc-language/arc-lang v0.0.0-20251228003633-40006f67ab42 h1:zDuN3l1Yymq/rXXymo/ZznUzxBdOLzvB0959zCqIdRc=
github.com/arc-language/arc-lang v0.0.0-20251228003633-40006f67ab42/go.mod h1:sTFw0uIIwBMXArrj8XXtgIHfvIxgAvb05WS2+qCeuWU=
github.com/arc-language/arc-lang v0.0.0-20251228004048-5b9ac0c3a92e h1:TZee3Io6/YxNSGbEx9+kWavckpdKNcljMRmviNH0DVA=
github.com/arc-language/arc-lang v0.0.0-20251228004048-5b9ac0c3a92e/go.mod h1:sTFw0uIIwBMXArrj8XXtgIHfvIxgAvb05WS2+qCeuWU=
github.com/arc-language/arc-lang v0.0.0-20251228004852-bc0208a19701 h1:xko0m58XI1HvZuN7I5Gxe/DUIcrw+HveI5fbgWTkQrM=
github.com/arc-language/arc-lang v0.0.0-20251228004852-bc0208a19701/go.mod h1:sTFw0uIIwBMXArrj8XXtgIHfvIxgAvb05WS2+qCeuWU=
github.com/arc-language/arc-lang v0.0.0-20251228005028-4bafc393bfe6 h1:Ch4uosq+h+TxZKz5tZjENEs0W3LXDo1oJpBlq3jsfJM=
github.com/arc-language/arc-lang v0.0.0-20251228005028-4bafc393bfe6/go.mod h1:sTFw0uIIwBMXArrj8XXtgIHfvIxgAvb05WS2+qCeuWU=
github.com/arc-language/arc-lang v0.0.0-20251228005228-2a9230282c32 h1:y3wG3GuJokkjeZnJ/rtyrA/q6Utzuou/bZCaBZVZy7k=
github.com/arc-language/arc-lang v0.0.0-20251228005228-2a9230282c32/go.mod h1:sTFw0uIIwBMXArrj8XXtgIHfvIxgAvb05WS2+qCeuWU=
github.com/arc-language/arc-lang v0.0.0-20251228005452-6397dd65b3f6 h1:cFLsvZzM7oXUCuu3QC28X9N/9rRnG/BUGFIn3WCKvX0=
github.com/arc-language/arc-lang v0.0.0-20251228005452-6397dd65b3f6/go.mod h1:sTFw0uIIwBMXArrj8XXtgIHfvIxgAvb05WS2+qCeuWU=
github.com/arc-language/arc-lang v0.0.0-20251228005738-d224b78bbe60 h1:o98OHpdqtCAmoxz0JSqUYRDVIr+NdZFBeStRtZlY/hw=
github.com/arc-language/arc-lang v0.0.0-20251228005738-d224b78bbe60/go.mod h1:sTFw0uIIwBMXArrj8XXtgIHfvIxgAvb05WS2+qCeuWU=
github.com/arc-language/arc-lang v0.0.0-20251228010210-496e5149d164 h1:IHTYzkXH56U61rmHvqgS/xOdKIx0sgcUsBDDZdJ86Ns=
github.com/arc-language/arc-lang v0.0.0-20251228010210-496e5149d164/go.mod h1:sTFw0uIIwBMXArrj8XXtgIHfvIxgAvb05WS2+qCeuWU=
github.com/arc-language/arc-lang v0.0.0-20251228010326-de1af7035216 h1:kWbQ7ue4lh+6WP+RCZ8C00+7+M8KewgmPzHu+R80taM=
github.com/arc-language/arc-lang v0.0.0-20251228010326-de1af7035216/go.mod h1:sTFw0uIIwBMXArrj8XXtgIHfvIxgAvb05WS2+qCeuWU=
github.com/arc-language/arc-lang v0.0.0-20251228010525-15e11b91a80e h1:0HEEvL+N09LahCC20sAA126hJwXyrpUb2cB3Qmur2vU=
github.com/arc-language/arc-lang v0.0.0-20251228010525-15e11b91a80e/go.mod h1:sTFw0uIIwBMXArrj8XXtgIHfvIxgAvb05WS2+qCeuWU=
github.com/arc-language/arc-lang v0.0.0-20251228011002-a0c1d1190712 h1:QxdtAfe+u+P4cSSf4YCf+PWqH2My2nE5dFYpPn9PUv8=
github.com/arc-language/arc-lang v0.0.0-20251228011002-a0c1d1190712/go.mod h1:sTFw0uIIwBMXArrj8XXtgIHfvIxgAvb05WS2+qCeuWU=
github.com/arc-language/arc-lang v0.0.0-20251228011406-fd3d30be4335 h1:H25BFuI1/5JwpmZvLms3U6+hY4IRSZC2/2Wbg5FRXBA=
github.com/arc-language/arc-lang v0.0.0-20251228011406-fd3d30be4335/go.mod h1:sTFw0uIIwBMXArrj8XXtgIHfvIxgAvb05WS2+qCeuWU=
github.com/arc-language/arc-lang v0.0.0-20251228011717-8fe796f4719b h1:jyVSMDJuwOf5SxRde1ypz6qwro4OjrPuqI/6EBqbPGE=
github.com/arc-language/arc-lang v0.0.0-20251228011717-8fe796f4719b/go.mod h1:sTFw0uIIwBMXArrj8XXtgIHfvIxgAvb05WS2+qCeuWU=
github.com/arc-language/arc-lang v0.0.0-20251228020018-5595c116eeb5 h1:S0CuSeHFvTh2TQkTTt1flZC5zFESniKUuByZBbZbVuo=
github.com/arc-language/arc-lang v0.0.0-20251228020018-5595c116eeb5/go.mod h1:sTFw0uIIwBMXArrj8XXtgIHfvIxgAvb05WS2+qCeuWU=
github.com/arc-language/arc-lang v0.0.0-20251228020808-7d9a1c1ed99d h1:bU1/QAD2knf/YqFJBXGe4Bnp76qSXtjCdQc8OhtwF7U=
github.com/arc-language/arc-lang v0.0.0-20251228020808-7d9a1c1ed99d/go.mod h1:sTFw0uIIwBMXArrj8XXtgIHfvIxgAvb05WS2+qCeuWU=
github.com/arc-language/arc-lang v0.0.0-20251228021303-da506f01567e h1:j9SOtftlGueuQvms1/G9GlLRlaeeXQNd5w6awF1WONU=
github.com/arc-language/arc-lang v0.0.0-20251228021303-da506f01567e/go.mod h1:sTFw0uIIwBMXArrj8XXtgIHfvIxgAvb05WS2+qCeuWU=
github.com/arc-language/arc-lang v0.0.0-20251228023844-98c9ee4d9f34 h1:5qs7kh9QrD2wTU2/cfVAXf7y552FzOkBDeRen1ffWVc=
github.com/arc-language/arc-lang v0.0.0-20251228023844-98c9ee4d9f34/go.mod h1:sTFw0uIIwBMXArrj8XXtgIHfvIxgAvb05WS2+qCeuWU=
github.com/arc-language/arc-lang v0.0.0-20251228024524-e8239f79fe96 h1:cC+HUeBYZi0or/SH+IS4Mmyf5wyrhTvf36tl1tbQoZE=
github.com/arc-language/arc-lang v0.0.0-20251228024524-e8239f79fe96/go.mod h1:sTFw0uIIwBMXArrj8XXtgIHfvIxgAvb05WS2+qCeuWU=
github.com/arc-language/arc-lang v0.0.0-20251228024856-8d95cde9ce1f h1:y6vNzaJy6fE3ijPeGxdeU0Eia1bkuXboVtmSsGG8j94=
github.com/arc-language/arc-lang v0.0.0-20251228024856-8d95cde9ce1f/go.mod h1:sTFw0uIIwBMXArrj8XXtgIHfvIxgAvb05WS2+qCeuWU=
github.com/arc-language/arc-lang v0.0.0-20251228025332-32f09b9890b9 h1:DA0MygAfks9SA0hzTJSgTpJ+IGPGQmIdhvfS1Cney80=
github.com/arc-language/arc-lang v0.0.0-20251228025332-32f09b9890b9/go.mod h1:sTFw0uIIwBMXArrj8XXtgIHfvIxgAvb05WS2+qCeuWU=
github.com/arc-language/arc-lang v0.0.0-20251228025829-2dc76d85d02f h1:5RbpLGvHLVfvEKhc5qwbPgm+Iz0Hhxvu6ZdYdoDPzf8=
github.com/arc-language/arc-lang v0.0.0-20251228025829-2dc76d85d02f/go.mod h1:sTFw0uIIwBMXArrj8XXtgIHfvIxgAvb05WS2+qCeuWU=
github.com/arc-language/arc-lang v0.0.0-20251228030055-c642b523d32e h1:jDD4PGYZTtzjlQhIrIPLtUQfREJYl/PIEbeGV6tg7d4=
github.com/arc-language/arc-lang v0.0.0-20251228030055-c642b523d32e/go.mod h1:sTFw0uIIwBMXArrj8XXtgIHfvIxgAvb05WS2+qCeuWU=
github.com/arc-language/arc-lang v0.0.0-20251228030338-8a562adccf99 h1:0Ilrx82tNNSZKz0NxfQJJP+ZTzTL6maTcnV8GFmV+1g=
github.com/arc-language/arc-lang v0.0.0-20251228030338-8a562adccf99/go.mod h1:sTFw0uIIwBMXArrj8XXtgIHfvIxgAvb05WS2+qCeuWU=
github.com/arc-language/arc-lang v0.0.0-20251228030637-3f02ca8ab4d5 h1:7WCa6eqaDGF3thoV6yJhJohsT7zIpVTN8pV2cazedpo=
github.com/arc-language/arc-lang v0.0.0-20251228030637-3f02ca8ab4d5/go.mod h1:sTFw0uIIwBMXArrj8XXtgIHfvIxgAvb05WS2+qCeuWU=
github.com/arc-language/arc-lang v0.0.0-20251228030901-1d004370fd9b h1:+zIO6CXzyfH6CAFciCcEjXvT8Ry8Eld2jDAh2UxMoAQ=
github.com/arc-language/arc-lang v0.0.0-20251228030901-1d004370fd9b/go.mod h1:sTFw0uIIwBMXArrj8XXtgIHfvIxgAvb05WS2+qCeuWU=
github.com/arc-language/arc-lang v0.0.0-20251228032610-4f505aa15f33 h1:1AWB2km/THoWF6YINjV+C9RtG3kR7Zu/urxaFr+Cfsg=
github.com/arc-language/arc-lang v0.0.0-20251228032610-4f505aa15f33/go.mod h1:sTFw0uIIwBMXArrj8XXtgIHfvIxgAvb05WS2+qCeuWU=
github.com/arc-language/arc-lang v0.0.0-20251228032914-9c1b9c3d6b0e h1:yh6XEdPnpF+xuMpTpSpzhYGKr4IP/wwwHenR3Kui9oc=
github.com/arc-language/arc-lang v0.0.0-20251228032914-9c1b9c3d6b0e/go.mod h1:sTFw0uIIwBMXArrj8XXtgIHfvIxgAvb05WS2+qCeuWU=
github.com/arc-language/arc-lang v0.0.0-20251228034121-04fa9ba97e40 h1:rkKQds5a19fZYP5HQDzTj5K0PDBhYKlqmd2hLs9Lg78=
github.com/arc-language/arc-lang v0.0.0-20251228034121-04fa9ba97e40/go.mod h1:sTFw0uIIwBMXArrj8XXtgIHfvIxgAvb05WS2+qCeuWU=
github.com/arc-language/arc-lang v0.0.0-20251228035258-89f8d0e63fb8 h1:Sf4LMS3e8sXslzNx17n4bLk7pF2JBlFNq7sTU8BT6ZM=
github.com/arc-language/arc-lang v0.0.0-20251228035258-89f8d0e63fb8/go.mod h1:sTFw0uIIwBMXArrj8XXtgIHfvIxgAvb05WS2+qCeuWU=
github.com/arc-language/arc-lang v0.0.0-20251228035356-04a9b0a4bf25 h1:kCbBpMU9M6mEiUbrauARuKW+RYiZWVUC8jzsf+esgR4=
github.com/arc-language/arc-lang v0.0.0-20251228035356-04a9b0a4bf25/go.mod h1:sTFw0uIIwBMXArrj8XXtgIHfvIxgAvb05WS2+qCeuWU=
github.com/arc-language/arc-lang v0.0.0-20251229061638-b6b268a49a01 h1:otzMMehw1+0VQeoU9nAsWaEwd7aA6R65kuf8otRzPSs=
github.com/arc-language/arc-lang v0.0.0-20251229061638-b6b268a49a01/go.mod h1:sTFw0uIIwBMXArrj8XXtgIHfvIxgAvb05WS2+qCeuWU=
github.com/arc-language/arc-lang v0.0.0-20251229062142-d5dc34a92c95 h1:/dvIpl5WHw7+aYMAe7Q98I7JZmznqNPhm2HmwnfEAxE=
github.com/arc-language/arc-lang v0.0.0-20251229062142-d5dc34a92c95/go.mod h1:sTFw0uIIwBMXArrj8XXtgIHfvIxgAvb05WS2+qCeuWU=
github.com/arc-language/arc-lang v0.0.0-20251229062943-b6a6d4cf6f21 h1:Ia9djJDcpiyuLfw2cwKODiwn5y/xy0VBzZuoHkbwmn0=
github.com/arc-language/arc-lang v0.0.0-20251229062943-b6a6d4cf6f21/go.mod h1:sTFw0uIIwBMXArrj8XXtgIHfvIxgAvb05WS2+qCeuWU=
github.com/arc-language/arc-lang v0.0.0-20251229063119-275b5220b357 h1:UVbUqAID8ZB3V4Vk8+A+cylP7wP8FuoXZPduMA8TmHQ=
github.com/arc-language/arc-lang v0.0.0-20251229063119-275b5220b357/go.mod h1:sTFw0uIIwBMXArrj8XXtgIHfvIxgAvb05WS2+qCeuWU=
github.com/arc-language/arc-lang v0.0.0-20251229063301-41319e3fd4b2 h1:hvLOvicMh1GRmCqrsI5PyJnfuxB+Q9e66yAaA8R5GKs=
github.com/arc-language/arc-lang v0.0.0-20251229063301-41319e3fd4b2/go.mod h1:sTFw0uIIwBMXArrj8XXtgIHfvIxgAvb05WS2+qCeuWU=
github.com/arc-language/arc-lang v0.0.0-20251229072531-1f9712a65f99 h1:FicYCCHY2WdkX+2wZTCJjNH3nVwW4FYVj8fyZiZ95/s=
github.com/arc-language/arc-lang v0.0.0-20251229072531-1f9712a65f99/go.mod h1:sTFw0uIIwBMXArrj8XXtgIHfvIxgAvb05WS2+qCeuWU=
github.com/arc-language/arc-lang v0.0.0-20251229072920-28aff0c60313 h1:acshIKUJtdaWBXAympvuAAvbX+2gXxx5sSYdEhGDods=
github.com/arc-language/arc-lang v0.0.0-20251229072920-28aff0c60313/go.mod h1:sTFw0uIIwBMXArrj8XXtgIHfvIxgAvb05WS2+qCeuWU=
github.com/arc-language/arc-lang v0.0.0-20251229073212-7079fc7f2bd1 h1:3HiZKnsPpU9MdRmfkvJgzyzm9LYJHaTYknIfD7Lhvcw=
github.com/arc-language/arc-lang v0.0.0-20251229073212-7079fc7f2bd1/go.mod h1:sTFw0uIIwBMXArrj8XXtgIHfvIxgAvb05WS2+qCeuWU=
github.com/arc-language/arc-lang v0.0.0-20251229073419-3a1ab4210eeb h1:CWveIJHeLdW9k9HyPL6KDBRI75MCq3YqL1AVaHlEmcM=
github.com/arc-language/arc-lang v0.0.0-20251229073419-3a1ab4210eeb/go.mod h1:sTFw0uIIwBMXArrj8XXtgIHfvIxgAvb05WS2+qCeuWU=
github.com/arc-language/arc-lang v0.0.0-20251229075201-5751c68b4f41 h1:cN14L7sBiCegupNLRlVJvAGtTRajylrM6Xt9qOP2/mg=
github.com/arc-language/arc-lang v0.0.0-20251229075201-5751c68b4f41/go.mod h1:sTFw0uIIwBMXArrj8XXtgIHfvIxgAvb05WS2+qCeuWU=
github.com/arc-language/arc-lang v0.0.0-20251229075737-edbae9c779fd h1:BEreQU7tnK4rhnOC+4mQfPyoYH3oSCcBUplHwaaj17Q=
github.com/arc-language/arc-lang v0.0.0-20251229075737-edbae9c779fd/go.mod h1:sTFw0uIIwBMXArrj8XXtgIHfvIxgAvb05WS2+qCeuWU=
github.com/arc-language/arc-lang v0.0.0-20251229080624-344e27d7eba5 h1:BuScJjHKfYhKfPPltoA7f063ZEn9KSp44Qvy7VkVLnQ=
github.com/arc-language/arc-lang v0.0.0-20251229080624-344e27d7eba5/go.mod h1:sTFw0uIIwBMXArrj8XXtgIHfvIxgAvb05WS2+qCeuWU=
github.com/arc-language/arc-lang v0.0.0-20251229081207-fd3c2feff0db h1:Df/plJYDOeT4JFXT1glGtx2rf+OAcnFadWT4Ig1KY1w=
github.com/arc-language/arc-lang v0.0.0-20251229081207-fd3c2feff0db/go.mod h1:sTFw0uIIwBMXArrj8XXtgIHfvIxgAvb05WS2+qCeuWU=
github.com/arc-language/arc-lang v0.0.0-20251229081421-ab07900e1428 h1:vZDbxiJS03l2AOpRe4q98Ah64Z+z4I2eveB9zz1ZZ0g=
github.com/arc-language/arc-lang v0.0.0-20251229081421-ab07900e1428/go.mod h1:sTFw0uIIwBMXArrj8XXtgIHfvIxgAvb05WS2+qCeuWU=
github.com/arc-language/arc-lang v0.0.0-20251229082014-630b21543e62 h1:6XjT3WidJPASB5FbInHvFkghkcgNG2tZfQMuvhVqFjo=
github.com/arc-language/arc-lang v0.0.0-20251229082014-630b21543e62/go.mod h1:sTFw0uIIwBMXArrj8XXtgIHfvIxgAvb05WS2+qCeuWU=
github.com/arc-language/arc-lang v0.0.0-20251229082347-644bfa85192e h1:66EJFrJ6bY6F98EiMv+sMf7Z7L4LFGcj1ejArDITlEM=
github.com/arc-language/arc-lang v0.0.0-20251229082347-644bfa85192e/go.mod h1:sTFw0uIIwBMXArrj8XXtgIHfvIxgAvb05WS2+qCeuWU=
github.com/arc-language/arc-lang v0.0.0-20251229083334-56b5cd99fd12 h1:VbnS5J0Kyr+R+XLdAfSyw8Me+6SIvapoZHPNgcvk6N4=
github.com/arc-language/arc-lang v0.0.0-20251229083334-56b5cd99fd12/go.mod h1:sTFw0uIIwBMXArrj8XXtgIHfvIxgAvb05WS2+qCeuWU=
github.com/arc-language/arc-lang v0.0.0-20251229083718-e0bc280a9c29 h1:pkxFE68+SEMzNS9dkwHmQ1wCwELOYmHJ33dupd9rkYA=
github.com/arc-language/arc-lang v0.0.0-20251229083718-e0bc280a9c29/go.mod h1:sTFw0uIIwBMXArrj8XXtgIHfvIxgAvb05WS2+qCeuWU=
github.com/arc-language/arc-lang v0.0.0-20251229083850-2a37394617b8 h1:gQZ7611/QUuz9lrd1eF/0trLLzTe1GZscKpbkTaDZAc=
github.com/arc-language/arc-lang v0.0.0-20251229083850-2a37394617b8/go.mod h1:sTFw0uIIwBMXArrj8XXtgIHfvIxgAvb05WS2+qCeuWU=
github.com/arc-language/arc-lang v0.0.0-20251229084114-800a37a29099 h1:doljCeOychHa/fpLgCQhmmpBV0RWG0bmnXnnk+iuuQU=
github.com/arc-language/arc-lang v0.0.0-20251229084114-800a37a29099/go.mod h1:sTFw0uIIwBMXArrj8XXtgIHfvIxgAvb05WS2+qCeuWU=
github.com/arc-language/arc-lang v0.0.0-20251229084423-fb9233ba0dfb h1:r16a2GmCZuYWeBRDgC8kimVpL2fdlkJPwO1SvcN2iAU=
github.com/arc-language/arc-lang v0.0.0-20251229084423-fb9233ba0dfb/go.mod h1:sTFw0uIIwBMXArrj8XXtgIHfvIxgAvb05WS2+qCeuWU=
github.com/arc-language/arc-lang v0.0.0-20251229084907-3d9b51708e41 h1:X+96fCfczcaspwJdV/6KQTShKEEHWwYPHWO+9WVOC4E=
github.com/arc-language/arc-lang v0.0.0-20251229084907-3d9b51708e41/go.mod h1:sTFw0uIIwBMXArrj8XXtgIHfvIxgAvb05WS2+qCeuWU=
github.com/arc-language/arc-lang v0.0.0-20251229085212-406403c2b123 h1:M7tTRnq8fai7VyvK2WFCJLoqawrveEv4GcPa/5Lc6zc=
github.com/arc-language/arc-lang v0.0.0-20251229085212-406403c2b123/go.mod h1:sTFw0uIIwBMXArrj8XXtgIHfvIxgAvb05WS2+qCeuWU=
github.com/arc-language/arc-lang v0.0.0-20251229085358-49338e6429e6 h1:nL63uvN5Di9UTeY9kE/wWCmiaul/NTyVXxetrQ0mtns=
github.com/arc-language/arc-lang v0.0.0-20251229085358-49338e6429e6/go.mod h1:sTFw0uIIwBMXArrj8XXtgIHfvIxgAvb05WS2+qCeuWU=
github.com/arc-language/arc-lang v0.0.0-20251229085604-201f480e59b8 h1:DdxgKMQ2f8FSF9q8QYSGNIQpM795ZxL4OpF33xBqe10=
github.com/arc-language/arc-lang v0.0.0-20251229085604-201f480e59b8/go.mod h1:sTFw0uIIwBMXArrj8XXtgIHfvIxgAvb05WS2+qCeuWU=
github.com/arc-language/arc-lang v0.0.0-20251229085725-9bc001c342a2 h1:8+7mnvlWCVuLuTSN+aJKLloo4uiLstv6J+sLPXFXXyI=
github.com/arc-language/arc-lang v0.0.0-20251229085725-9bc001c342a2/go.mod h1:sTFw0uIIwBMXArrj8XXtgIHfvIxgAvb05WS2+qCeuWU=
github.com/arc-language/arc-lang v0.0.0-20251229085807-e575fee941b3 h1:WunKqLWdpQhZ85BQAQCnBjM4efqQo+LE3o2b7zSlYzg=
github.com/arc-language/arc-lang v0.0.0-20251229085807-e575fee941b3/go.mod h1:sTFw0uIIwBMXArrj8XXtgIHfvIxgAvb05WS2+qCeuWU=
github.com/arc-language/arc-lang v0.0.0-20251229085944-c7811259950e h1:4zYJ5UwPymo63fJn5fCLoBhsjW6H0BBcHkI2uP5LgG8=
github.com/arc-language/arc-lang v0.0.0-20251229085944-c7811259950e/go.mod h1:sTFw0uIIwBMXArrj8XXtgIHfvIxgAvb05WS2+qCeuWU=
github.com/arc-language/arc-lang v0.0.0-20251229090820-6311c8acbbd9 h1:w0ARQY93CHiFe1P66i84gnm0CpS6J1PHUTSMqDXy6VE=
github.com/arc-language/arc-lang v0.0.0-20251229090820-6311c8acbbd9/go.mod h1:sTFw0uIIwBMXArrj8XXtgIHfvIxgAvb05WS2+qCeuWU=
github.com/arc-language/arc-lang v0.0.0-20251229091130-844b2d1511d7 h1:SP5xK/BR0KVdrDYGtPstzRzmBgOhycePlM+8PQ2g8+4=
github.com/arc-language/arc-lang v0.0.0-20251229091130-844b2d1511d7/go.mod h1:sTFw0uIIwBMXArrj8XXtgIHfvIxgAvb05WS2+qCeuWU=
github.com/arc-language/arc-lang v0.0.0-20251229092242-1d6ba0f53aca h1:C44nhRao/aY8aiO2ufNrG+ByssQvqCSBNhbWxPEQYTQ=
github.com/arc-language/arc-lang v0.0.0-20251229092242-1d6ba0f53aca/go.mod h1:sTFw0uIIwBMXArrj8XXtgIHfvIxgAvb05WS2+qCeuWU=
github.com/arc-language/arc-lang v0.0.0-20251229093759-a25ec13e8f29 h1:YNdA3diLGwRcnz5VGPcL+S9TDS8ImiCWuWFRJ8Rqryc=
github.com/arc-language/arc-lang v0.0.0-20251229093759-a25ec13e8f29/go.mod h1:sTFw0uIIwBMXArrj8XXtgIHfvIxgAvb05WS2+qCeuWU=
github.com/arc-language/arc-lang v0.0.0-20251229094153-5d2d20f28d80 h1:sbggL7oJLaAF/9YRVd73gyrSFvG7pbwhvv5paAiNmiE=
github.com/arc-language/arc-lang v0.0.0-20251229094153-5d2d20f28d80/go.mod h1:sTFw0uIIwBMXArrj8XXtgIHfvIxgAvb05WS2+qCeuWU=
github.com/arc-language/arc-lang v0.0.0-20251229094438-2f04786d845e h1:38OzujOf+O9UfRiOXn1jLNF4Q+dE8vwcHlC+hIvbxGg=
github.com/arc-language/arc-lang v0.0.0-20251229094438-2f04786d845e/go.mod h1:sTFw0uIIwBMXArrj8XXtgIHfvIxgAvb05WS2+qCeuWU=
github.com/arc-language/arc-lang v0.0.0-20251229095132-6d1685ed8b84 h1:xLFua0USq7UW8UO5M28NV4Ze4HRsYkXUxvwJzhyQry4=
github.com/arc-language/arc-lang v0.0.0-20251229095132-6d1685ed8b84/go.mod h1:sTFw0uIIwBMXArrj8XXtgIHfvIxgAvb05WS2+qCeuWU=
github.com/arc-language/arc-lang v0.0.0-20251229095638-824a2165211d h1:aSwQS7U9ejhGpu/tCRhv9fbfgBYTIuq+XQCUrlaoQJQ=
github.com/arc-language/arc-lang v0.0.0-20251229095638-824a2165211d/go.mod h1:sTFw0uIIwBMXArrj8XXtgIHfvIxgAvb05WS2+qCeuWU=
github.com/arc-language/arc-lang v0.0.0-20251229100702-6f61b7abf852 h1:Cs9HGXSxxD7nkCwtgLAqdPQLYJaCtA09qRK4ulTQhXc=
github.com/arc-language/arc-lang v0.0.0-20251229100702-6f61b7abf852/go.mod h1:sTFw0uIIwBMXArrj8XXtgIHfvIxgAvb05WS2+qCeuWU=
github.com/arc-language/arc-lang v0.0.0-20251229101018-52888eab0f1d h1:iZfA7NAc03pk0q4mZ7iua+vHP5iwsuIV9AHy39K1R9M=
github.com/arc-language/arc-lang v0.0.0-20251229101018-52888eab0f1d/go.mod h1:sTFw0uIIwBMXArrj8XXtgIHfvIxgAvb05WS2+qCeuWU=
github.com/arc-language/arc-lang v0.0.0-20251229101234-837a4c5aec57 h1:3tTMA6I/AM/xHrFoQjxaADrPn4kB8PDwyVI8ozcpMac=
github.com/arc-language/arc-lang v0.0.0-20251229101234-837a4c5aec57/go.mod h1:sTFw0uIIwBMXArrj8XXtgIHfvIxgAvb05WS2+qCeuWU=
github.com/arc-language/arc-lang v0.0.0-20251229101736-33119c2a428e h1:DtJaIT25EnnHuoh+ihPQnwZjV3o06W2sJEImdR7iUUI=
github.com/arc-language/arc-lang v0.0.0-20251229101736-33119c2a428e/go.mod h1:sTFw0uIIwBMXArrj8XXtgIHfvIxgAvb05WS2+qCeuWU=
github.com/arc-language/arc-lang v0.0.0-20251229102434-d943a94dd02f h1:WArSwj07K1ITYdtvZqZHlb+CsJGhELfYojRB1KvQ9LY=
github.com/arc-language/arc-lang v0.0.0-20251229102434-d943a94dd02f/go.mod h1:sTFw0uIIwBMXArrj8XXtgIHfvIxgAvb05WS2+qCeuWU=
github.com/arc-language/arc-lang v0.0.0-20251229103430-6f5e5c12a204 h1:vKO4GWDvXDaB6UnHyeG2pR1eRiwPw1D8EeTyHDSElzc=
github.com/arc-language/arc-lang v0.0.0-20251229103430-6f5e5c12a204/go.mod h1:sTFw0uIIwBMXArrj8XXtgIHfvIxgAvb05WS2+qCeuWU=
github.com/arc-language/arc-lang v0.0.0-20251229103630-c62c99c492aa h1:tskcW7SHcsIUtoNxgu4+ygFKLVZEQmIYPFUxvy2Cdxg=
github.com/arc-language/arc-lang v0.0.0-20251229103630-c62c99c492aa/go.mod h1:sTFw0uIIwBMXArrj8XXtgIHfvIxgAvb05WS2+qCeuWU=
github.com/arc-language/arc-lang v0.0.0-20251229104525-7fec480dbc77 h1:3Rp78fViX34DGT2eKZ50h/dyMo2qJJ6gv6bh1p56duE=
github.com/arc-language/arc-lang v0.0.0-20251229104525-7fec480dbc77/go.mod h1:sTFw0uIIwBMXArrj8XXtgIHfvIxgAvb05WS2+qCeuWU=
github.com/arc-language/arc-lang v0.0.0-20251229104812-71cba769526d h1:+VsP27rF5/w79TphOTJOyTYOwmb2iwk35abLGpp2e18=
github.com/arc-language/arc-lang v0.0.0-20251229104812-71cba769526d/go.mod h1:sTFw0uIIwBMXArrj8XXtgIHfvIxgAvb05WS2+qCeuWU=
github.com/arc-language/arc-lang v0.0.0-20251229215209-a3385af1c9a2 h1:Adlau8jlSkvZipYG926lvg6v0U1MnV1LVAEOCoZuUfc=
github.com/arc-language/arc-lang v0.0.0-20251229215209-a3385af1c9a2/go.mod h1:sTFw0uIIwBMXArrj8XXtgIHfvIxgAvb05WS2+qCeuWU=
github.com/arc-language/arc-lang v0.0.0-20251229215545-18939b2162db h1:a8K7Z0swvNCNNyiGOYiefGBmKV4fr+JA4Y76pKSLKuk=
github.com/arc-language/arc-lang v0.0.0-20251229215545-18939b2162db/go.mod h1:sTFw0uIIwBMXArrj8XXtgIHfvIxgAvb05WS2+qCeuWU=
github.com/arc-language/arc-lang v0.0.0-20251229221805-dbc6e6b027a6 h1:QPvUqtJgw7I1GHzG54PanmaVMt/RkGCcn7I1+sr5siM=
github.com/arc-language/arc-lang v0.0.0-20251229221805-dbc6e6b027a6/go.mod h1:sTFw0uIIwBMXArrj8XXtgIHfvIxgAvb05WS2+qCeuWU=
github.com/arc-language/arc-lang v0.0.0-20251229222525-d31457495727 h1:H2jOU+2b8egYuZPtsmxPMdo+QV2V1TkBycyiicjQpEY=
github.com/arc-language/arc-lang v0.0.0-20251229222525-d31457495727/go.mod h1:sTFw0uIIwBMXArrj8XXtgIHfvIxgAvb05WS2+qCeuWU=
github.com/arc-language/arc-lang v0.0.0-20251229224954-91ec07319b52 h1:EqX/b/SqeK2kPQK+W7/2itTjOnadEHOaViZhKkdy1Qc=
github.com/arc-language/arc-lang v0.0.0-20251229224954-91ec07319b52/go.mod h1:sTFw0uIIwBMXArrj8XXtgIHfvIxgAvb05WS2+qCeuWU=
github.com/arc-language/arc-lang v0.0.0-20251229230949-470fbeca20b9 h1:vYHI0atN5grkdcYd8SyCyIFH6vFcjBHTr+YuRm8f1w0=
github.com/arc-language/arc-lang v0.0.0-20251229230949-470fbeca20b9/go.mod h1:sTFw0uIIwBMXArrj8XXtgIHfvIxgAvb05WS2+qCeuWU=
github.com/arc-language/arc-lang v0.0.0-20251229233616-d158f5d4e98d h1:wvCRh0HMgIpSFq078x/MsT8t8jM9YScg5MjwTv02m+0=
github.com/arc-language/arc-lang v0.0.0-20251229233616-d158f5d4e98d/go.mod h1:sTFw0uIIwBMXArrj8XXtgIHfvIxgAvb05WS2+qCeuWU=
github.com/arc-language/arc-lang v0.0.0-20251229234655-f08916da6891 h1:fld527PbvdW4flfnAu4oBkJw0aXmfB0kKLgUiVSXJKc=
github.com/arc-language/arc-lang v0.0.0-20251229234655-f08916da6891/go.mod h1:sTFw0uIIwBMXArrj8XXtgIHfvIxgAvb05WS2+qCeuWU=
github.com/arc-language/arc-lang v0.0.0-20251229235019-5cc3e7e6ea8e h1:LrCCLdiANG5UAazAjPByTdp8/khFlbq9zCKrGy6jrew=
github.com/arc-language/arc-lang v0.0.0-20251229235019-5cc3e7e6ea8e/go.mod h1:sTFw0uIIwBMXArrj8XXtgIHfvIxgAvb05WS2+qCeuWU=
github.com/arc-language/arc-lang v0.0.0-20251229235327-7ae06a9bd2c6 h1:9pqhMsdr3e5iMCDozr9Rf91pCDLFDL+Aiq8Ci+OYKHY=
github.com/arc-language/arc-lang v0.0.0-20251229235327-7ae06a9bd2c6/go.mod h1:sTFw0uIIwBMXArrj8XXtgIHfvIxgAvb05WS2+qCeuWU=
github.com/arc-language/arc-lang v0.0.0-20251230000056-08edd4cc028c h1:eHixmzf0YKKzKEpPh2N45psRvSp4100iK333vrFcOnw=
github.com/arc-language/arc-lang v0.0.0-20251230000056-08edd4cc028c/go.mod h1:sTFw0uIIwBMXArrj8XXtgIHfvIxgAvb05WS2+qCeuWU=
github.com/arc-language/arc-lang v0.0.0-20251230001918-9c8cd64de031 h1:IVt1kccv1YreJ4LrEJMvDVBJ7j2hnDSXtX/nelK7+HQ=
github.com/arc-language/arc-lang v0.0.0-20251230001918-9c8cd64de031/go.mod h1:sTFw0uIIwBMXArrj8XXtgIHfvIxgAvb05WS2+qCeuWU=
github.com/arc-language/arc-lang v0.0.0-20251230002134-7bc008e88fa8 h1:9AY4Dh1B1Wch2AnMeMiIk6K/iSvqY24hwjRc3nScTXU=
github.com/arc-language/arc-lang v0.0.0-20251230002134-7bc008e88fa8/go.mod h1:sTFw0uIIwBMXArrj8XXtgIHfvIxgAvb05WS2+qCeuWU=
github.com/arc-language/arc-lang v0.0.0-20251230003455-1a8f6bf323dc h1:MaZWDmqv3+I3hlalj5jYmrFcjkxHTvUN7csu693dlws=
github.com/arc-language/arc-lang v0.0.0-20251230003455-1a8f6bf323dc/go.mod h1:sTFw0uIIwBMXArrj8XXtgIHfvIxgAvb05WS2+qCeuWU=
github.com/arc-language/arc-lang v0.0.0-20251230005517-fe9275f76f46 h1:n4TcCmWhI5oNByWJx3y/jYvgYKC1ENoKxwG8TGUm14c=
github.com/arc-language/arc-lang v0.0.0-20251230005517-fe9275f76f46/go.mod h1:sTFw0uIIwBMXArrj8XXtgIHfvIxgAvb05WS2+qCeuWU=
github.com/arc-language/arc-lang v0.0.0-20251230005810-b247109afe52 h1:8tNtsgmAWs31k1JdfTGU96X8oMdoARFxQ5yZDVr2TsQ=
github.com/arc-language/arc-lang v0.0.0-20251230005810-b247109afe52/go.mod h1:sTFw0uIIwBMXArrj8XXtgIHfvIxgAvb05WS2+qCeuWU=
github.com/arc-language/arc-lang v0.0.0-20251230010334-c2c66a8aaa4b h1:WWFaLQU4T8VrJBNWWgpl1bNmbFxdMnEBq8PivS03m7g=
github.com/arc-language/arc-lang v0.0.0-20251230010334-c2c66a8aaa4b/go.mod h1:sTFw0uIIwBMXArrj8XXtgIHfvIxgAvb05WS2+qCeuWU=
github.com/arc-language/arc-lang v0.0.0-20251230011002-48a8ad3d4f10 h1:/gbFpkGcz6F105uGDJaUqZbV9nOdR7bZqthwW+QIrR0=
github.com/arc-language/arc-lang v0.0.0-20251230011002-48a8ad3d4f10/go.mod h1:sTFw0uIIwBMXArrj8XXtgIHfvIxgAvb05WS2+qCeuWU=
github.com/arc-language/arc-lang v0.0.0-20251230012816-cc39cddb40ae h1:fJupPUfHnX+a6+0aZhWROCgGihhr8+VjePyqN78aerc=
github.com/arc-language/arc-lang v0.0.0-20251230012816-cc39cddb40ae/go.mod h1:sTFw0uIIwBMXArrj8XXtgIHfvIxgAvb05WS2+qCeuWU=
github.com/arc-language/arc-lang v0.0.0-20251230014242-99641344cb28 h1:3BzCEvePDT3fBy5lbOKTitxv6qyAOkT6hkImfaYb7rY=
github.com/arc-language/arc-lang v0.0.0-20251230014242-99641344cb28/go.mod h1:sTFw0uIIwBMXArrj8XXtgIHfvIxgAvb05WS2+qCeuWU=
github.com/arc-language/arc-lang v0.0.0-20251230014613-dda50111eb06 h1:F5Ed3tpWWcwWdHPfQN2eoNU/eN4bSb55srhZ21YY3a0=
github.com/arc-language/arc-lang v0.0.0-20251230014613-dda50111eb06/go.mod h1:sTFw0uIIwBMXArrj8XXtgIHfvIxgAvb05WS2+qCeuWU=
github.com/arc-language/arc-lang v0.0.0-20251230015508-29e2dad9217a h1:KovKfX9GN8gVBCszOiU9RvZ3s5Hq/y1QjX4yZzNheJU=
github.com/arc-language/arc-lang v0.0.0-20251230015508-29e2dad9217a/go.mod h1:sTFw0uIIwBMXArrj8XXtgIHfvIxgAvb05WS2+qCeuWU=
github.com/arc-language/arc-lang v0.0.0-20251230020616-2a2358912f42 h1:WlBgt92ZjyKJ9ZhV8mSA15fM5eoIbp4WAHY99C2ZwjE=
github.com/arc-language/arc-lang v0.0.0-20251230020616-2a2358912f42/go.mod h1:sTFw0uIIwBMXArrj8XXtgIHfvIxgAvb05WS2+qCeuWU=
github.com/arc-language/arc-lang v0.0.0-20251230021223-83662c46d6be h1:nGpgwLproOzphRyDqTGCjbzKraq7FktCoJnsmZVlSEs=
github.com/arc-language/arc-lang v0.0.0-20251230021223-83662c46d6be/go.mod h1:sTFw0uIIwBMXArrj8XXtgIHfvIxgAvb05WS2+qCeuWU=
github.com/arc-language/arc-lang v0.0.0-20251230021515-0361bd1792bb h1:SEK23zKr4XBzg8rp57WGPhcQGtecUdjs3srCyCqw7PU=
github.com/arc-language/arc-lang v0.0.0-20251230021515-0361bd1792bb/go.mod h1:sTFw0uIIwBMXArrj8XXtgIHfvIxgAvb05WS2+qCeuWU=
github.com/arc-language/arc-lang v0.0.0-20251230022134-fc3dddb55929 h1:X1cenzLVqUBJ2lkEZMQ5qOVm5klDOpwOdpbooW6K9Pc=
github.com/arc-language/arc-lang v0.0.0-20251230022134-fc3dddb55929/go.mod h1:sTFw0uIIwBMXArrj8XXtgIHfvIxgAvb05WS2+qCeuWU=
github.com/arc-language/arc-lang v0.0.0-20251230022552-1fb3dd44aebb h1:3b4n6yIlEPApMM1iUwj6FHumJnrn1iZ1lofoQwd9S/4=
github.com/arc-language/arc-lang v0.0.0-20251230022552-1fb3dd44aebb/go.mod h1:sTFw0uIIwBMXArrj8XXtgIHfvIxgAvb05WS2+qCeuWU=
github.com/arc-language/arc-lang v0.0.0-20251230022842-1d0bf66b3b5d h1:FPHTvvOBxY60jeFzjZnyl0zg+FsM+mMSHFxruzLvroo=
github.com/arc-language/arc-lang v0.0.0-20251230022842-1d0bf66b3b5d/go.mod h1:sTFw0uIIwBMXArrj8XXtgIHfvIxgAvb05WS2+qCeuWU=
github.com/arc-language/arc-lang v0.0.0-20251230024913-44cdf15b8f24 h1:2m+lv/Dg83kUMAA7Wj+JH1MrDdzrU2cmzrkqLcp1tME=
github.com/arc-language/arc-lang v0.0.0-20251230024913-44cdf15b8f24/go.mod h1:sTFw0uIIwBMXArrj8XXtgIHfvIxgAvb05WS2+qCeuWU=
github.com/arc-language/arc-lang v0.0.0-20251230025041-6bfdcec72714 h1:Uf6MttPkHhLFZQqD+dfrevcOezF4UI14VM/LmCt/ITw=
github.com/arc-language/arc-lang v0.0.0-20251230025041-6bfdcec72714/go.mod h1:sTFw0uIIwBMXArrj8XXtgIHfvIxgAvb05WS2+qCeuWU=
github.com/arc-language/arc-lang v0.0.0-20251230075435-c5e314651ef7 h1:LF8zygyVP5Zb/QLobJ1Hubu4+WtACer00b4jCubYOqE=
github.com/arc-language/arc-lang v0.0.0-20251230075435-c5e314651ef7/go.mod h1:sTFw0uIIwBMXArrj8XXtgIHfvIxgAvb05WS2+qCeuWU=
github.com/arc-language/arc-lang v0.0.0-20251230080446-3e9fdfdad7c0 h1:9Zrehb3M2Otx/bXpcRu+yuPJtTAwofrx6iFnx4r8gjo=
github.com/arc-language/arc-lang v0.0.0-20251230080446-3e9fdfdad7c0/go.mod h1:sTFw0uIIwBMXArrj8XXtgIHfvIxgAvb05WS2+qCeuWU=
github.com/arc-language/arc-lang v0.0.0-20251230081510-93e3885da3ff h1:ieF2RqXOFcHh1GVBNSxmoVI5lWsejmkMneRaOM6px68=
github.com/arc-language/arc-lang v0.0.0-20251230081510-93e3885da3ff/go.mod h1:sTFw0uIIwBMXArrj8XXtgIHfvIxgAvb05WS2+qCeuWU=
github.com/arc-language/arc-lang v0.0.0-20251231033629-460ab08d1f62 h1:U8QVWnYFX5lZbyePzMSIUirNt7EeDB7EJ35366JkIYA=
github.com/arc-language/arc-lang v0.0.0-20251231033629-460ab08d1f62/go.mod h1:sTFw0uIIwBMXArrj8XXtgIHfvIxgAvb05WS2+qCeuWU=
github.com/arc-language/arc-lang v0.0.0-20251231034634-6695f74ea2e2 h1:Hn+rnFbzBQGE+NuAu3JgEuyGEJ/2SfbTEbuGbIc0sGA=
github.com/arc-language/arc-lang v0.0.0-20251231034634-6695f74ea2e2/go.mod h1:sTFw0uIIwBMXArrj8XXtgIHfvIxgAvb05WS2+qCeuWU=
github.com/arc-language/arc-lang v0.0.0-20251231034807-1f023d42c2f1 h1:T2k/8kHkQU7ah01wTZTCDc7J2MMvMUC6/BmjhxcPB+k=
github.com/arc-language/arc-lang v0.0.0-20251231034807-1f023d42c2f1/go.mod h1:sTFw0uIIwBMXArrj8XXtgIHfvIxgAvb05WS2+qCeuWU=
github.com/arc-language/arc-lang v0.0.0-20251231035313-7cf8710c0035 h1:eBaZ52xGIV5ucpWlnfPjFNob80ZtQWkTe+gn/5P3MPs=
github.com/arc-language/arc-lang v0.0.0-20251231035313-7cf8710c0035/go.mod h1:sTFw0uIIwBMXArrj8XXtgIHfvIxgAvb05WS2+qCeuWU=
golang.org/x/exp v0.0.0-20240506185415-9bf2ced13842 h1:vr/HnozRka3pE4EsMEg1lgkXJkTFJCVUX+S/ZT6wYzM=
golang.org/x/exp v0.0.0-20240506185415-9bf2ced13842/go.mod h1:XtvwrStGgqGPLc4cjQfWqZHG1YFdYs6swckp8vpsjnc=
